github.com/olee12/Leetcode-practice/go-leet-code v0.0.0-20190904143321-aec37dfe83cc h1:6E5yw512FSN2tjxYqiwBGFbA00MSV8S6l/2MBSUx1KY=
github.com/olee12/Leetcode-practice/go-leet-code v0.0.0-20191005074409-e68f5e91d5e1 h1:4mZQp4s+7TxojIxjBjNRK51XY6tAEdi74GkcYCGTn18=
github.com/olee12/Leetcode-practice/go-leet-code v0.0.0-20191005074409-e68f5e91d5e1/go.mod h1:0ulVHNg1a7LSOqiCQlmVueJuTPiiwaKjn2gtGwEElBQ=
